{
  "requires": true,
  "lockfileVersion": 1,
  "dependencies": {
    "@babel/runtime": {
      "version": "7.1.5",
      "resolved": "https://registry.npmjs.org/@babel/runtime/-/runtime-7.1.5.tgz",
      "integrity": "sha512-xKnPpXG/pvK1B90JkwwxSGii90rQGKtzcMt2gI5G6+M0REXaq6rOHsGC2ay6/d0Uje7zzvSzjEzfR3ENhFlrfA==",
      "requires": {
        "regenerator-runtime": "^0.12.0"
      }
    },
    "eventemitter3": {
      "version": "3.1.0",
      "resolved": "https://registry.npmjs.org/eventemitter3/-/eventemitter3-3.1.0.tgz",
      "integrity": "sha512-ivIvhpq/Y0uSjcHDcOIccjmYjGLcP09MFGE7ysAwkAvkXfpZlC985pH2/ui64DKazbTW/4kN3yqozUxlXzI6cA=="
    },
    "howler": {
      "version": "2.0.15",
      "resolved": "https://registry.npmjs.org/howler/-/howler-2.0.15.tgz",
      "integrity": "sha512-Ceui16WCAdBiRlI3cK/zPmp6eWKG4wU5yIYHtH+X4zPhwqbr2ieRQvt/1J60NCqEXFHuBKdzBrS5DRYkMwiQsg=="
    },
    "objectFitPolyfill": {
      "version": "2.1.1",
      "resolved": "https://registry.npmjs.org/objectFitPolyfill/-/objectFitPolyfill-2.1.1.tgz",
      "integrity": "sha512-+GQQw+yzk4L7Xl6d4auU6Cbz3HEuN5SKoPEoqjTw+X9uuev1KkiNq9k8hCXQbycZ6ZmM79RXOcSs37XXbVN2Rw=="
    },
    "regenerator-runtime": {
      "version": "0.12.1",
      "resolved": "https://registry.npmjs.org/regenerator-runtime/-/regenerator-runtime-0.12.1.tgz",
      "integrity": "sha512-odxIc1/vDlo4iZcfXqRYFj0vpXFNoGdKMAUieAlFYO6m/nl5e9KR/beGf41z4a1FI+aQgtjhuaSlDxQ0hmkrHg=="
    },
    "rtcpeerconnection-shim": {
      "version": "1.2.14",
      "resolved": "https://registry.npmjs.org/rtcpeerconnection-shim/-/rtcpeerconnection-shim-1.2.14.tgz",
      "integrity": "sha512-/sl1vgarkFPU2rbXy+EMmytMQIzCKNbIm3fChjPnsdytKAROgoivB0KLE7PQRjKx/d/nr/Yx+6qu0/eCpoxn/A==",
      "requires": {
        "sdp": "^2.6.0"
      }
    },
    "scandit-sdk": {
      "version": "3.2.0",
      "resolved": "https://registry.npmjs.org/scandit-sdk/-/scandit-sdk-3.2.0.tgz",
      "integrity": "sha512-yO6TV6k6RHRiMbko1B+jQq0KU7ucH7ApVV011ww22//p6bHYVMniVqfWb7+/YNaEsHTv9GewwVwQebW8FS5Nqg==",
      "requires": {
        "@babel/runtime": "^7.1.2",
        "eventemitter3": "3.1.0",
        "howler": "^2.0.15",
        "objectFitPolyfill": "^2.1.1",
        "tslib": "^1.9.3",
        "ua-parser-js": "^0.7.19",
        "webrtc-adapter": "^6.4.4"
      }
    },
    "sdp": {
      "version": "2.9.0",
      "resolved": "https://registry.npmjs.org/sdp/-/sdp-2.9.0.tgz",
      "integrity": "sha512-XAVZQO4qsfzVTHorF49zCpkdxiGmPNjA8ps8RcJGtGP3QJ/A8I9/SVg/QnkAFDMXIyGbHZBBFwYBw6WdnhT96w=="
    },
    "tslib": {
      "version": "1.9.3",
      "resolved": "https://registry.npmjs.org/tslib/-/tslib-1.9.3.tgz",
      "integrity": "sha512-4krF8scpejhaOgqzBEcGM7yDIEfi0/8+8zDRZhNZZ2kjmHJ4hv3zCbQWxoJGz1iw5U0Jl0nma13xzHXcncMavQ=="
    },
    "ua-parser-js": {
      "version": "0.7.19",
      "resolved": "https://registry.npmjs.org/ua-parser-js/-/ua-parser-js-0.7.19.tgz",
      "integrity": "sha512-T3PVJ6uz8i0HzPxOF9SWzWAlfN/DavlpQqepn22xgve/5QecC+XMCAtmUNnY7C9StehaV6exjUCI801lOI7QlQ=="
    },
    "webrtc-adapter": {
      "version": "6.4.4",
      "resolved": "https://registry.npmjs.org/webrtc-adapter/-/webrtc-adapter-6.4.4.tgz",
      "integrity": "sha512-VNXpC9UTbNovaiPqEtUmMuBolo4K6V4qgYnoMl3i0q9LnXTGaFeyIQiFiLp5qoKJJGW3EJSLFX6qYDlgU6k4pg==",
      "requires": {
        "rtcpeerconnection-shim": "^1.2.14",
        "sdp": "^2.9.0"
      }
    }
  }
}
